// !$*UTF8*$!
{
	archiveVersion = 1;
	classes = {
	};
	objectVersion = 55;
	objects = {

/* Begin PBXBuildFile section */
		01461E05195418A6718A1184 /* Pods_IOS_Practicals_New.framework in Frameworks */ = {isa = PBXBuildFile; fileRef = D21FB83598F13A9E4754FDE5 /* Pods_IOS_Practicals_New.framework */; };
		643078F827F322CC00691988 /* NewsWithRssViewController.swift in Sources */ = {isa = PBXBuildFile; fileRef = 643078F727F322CC00691988 /* NewsWithRssViewController.swift */; };
		643CEBEC27D87B74009C975B /* UIViewControllerExtension.swift in Sources */ = {isa = PBXBuildFile; fileRef = 643CEBEB27D87B74009C975B /* UIViewControllerExtension.swift */; };
		643CEBEE27D89924009C975B /* UITextViewExtension.swift in Sources */ = {isa = PBXBuildFile; fileRef = 643CEBED27D89924009C975B /* UITextViewExtension.swift */; };
		6443788D27D1F4E500F9505B /* ItemCollectionViewCell.swift in Sources */ = {isa = PBXBuildFile; fileRef = 6443788C27D1F4E500F9505B /* ItemCollectionViewCell.swift */; };
		6443788F27D220F500F9505B /* StackViewViewController.swift in Sources */ = {isa = PBXBuildFile; fileRef = 6443788E27D220F500F9505B /* StackViewViewController.swift */; };
		6451AC6527F4288A000C537B /* Storyboard.swift in Sources */ = {isa = PBXBuildFile; fileRef = 6451AC6427F4288A000C537B /* Storyboard.swift */; };
		646C740927CCC40500EAF351 /* SignUpViewController.swift in Sources */ = {isa = PBXBuildFile; fileRef = 646C740827CCC40500EAF351 /* SignUpViewController.swift */; };
		646C740B27CCC84800EAF351 /* LogInViewController.swift in Sources */ = {isa = PBXBuildFile; fileRef = 646C740A27CCC84800EAF351 /* LogInViewController.swift */; };
		647DC4CF27CE7749006439F9 /* UIComponents.storyboard in Resources */ = {isa = PBXBuildFile; fileRef = 647DC4CE27CE7749006439F9 /* UIComponents.storyboard */; };
		647DC4D127CE78CA006439F9 /* PageViewController.swift in Sources */ = {isa = PBXBuildFile; fileRef = 647DC4D027CE78CA006439F9 /* PageViewController.swift */; };
		647DC4D327CE7936006439F9 /* UICompSignUpViewController.swift in Sources */ = {isa = PBXBuildFile; fileRef = 647DC4D227CE7936006439F9 /* UICompSignUpViewController.swift */; };
		647DC4D527CE7955006439F9 /* UICompLogInViewController.swift in Sources */ = {isa = PBXBuildFile; fileRef = 647DC4D427CE7955006439F9 /* UICompLogInViewController.swift */; };
		6483151627DB46F500452D8D /* UINavigation.storyboard in Resources */ = {isa = PBXBuildFile; fileRef = 6483151527DB46F500452D8D /* UINavigation.storyboard */; };
		6483151927DB47B400452D8D /* FirstViewController.swift in Sources */ = {isa = PBXBuildFile; fileRef = 6483151827DB47B400452D8D /* FirstViewController.swift */; };
		6483151B27DB482400452D8D /* SecondViewController.swift in Sources */ = {isa = PBXBuildFile; fileRef = 6483151A27DB482400452D8D /* SecondViewController.swift */; };
		6483151D27DB488300452D8D /* ThirdViewController.swift in Sources */ = {isa = PBXBuildFile; fileRef = 6483151C27DB488300452D8D /* ThirdViewController.swift */; };
		6483151F27DB48D500452D8D /* FourthViewController.swift in Sources */ = {isa = PBXBuildFile; fileRef = 6483151E27DB48D500452D8D /* FourthViewController.swift */; };
		6483152227DB4A8300452D8D /* Coordinator.swift in Sources */ = {isa = PBXBuildFile; fileRef = 6483152127DB4A8300452D8D /* Coordinator.swift */; };
		6483152427DB4AB100452D8D /* MainCoordinator.swift in Sources */ = {isa = PBXBuildFile; fileRef = 6483152327DB4AB100452D8D /* MainCoordinator.swift */; };
		6483152627DB4BD300452D8D /* AppCoordinator.swift in Sources */ = {isa = PBXBuildFile; fileRef = 6483152527DB4BD300452D8D /* AppCoordinator.swift */; };
		6483152927DB531C00452D8D /* FirstCoordinator.swift in Sources */ = {isa = PBXBuildFile; fileRef = 6483152827DB531C00452D8D /* FirstCoordinator.swift */; };
		6483152B27DB533400452D8D /* SecondCoordinator.swift in Sources */ = {isa = PBXBuildFile; fileRef = 6483152A27DB533400452D8D /* SecondCoordinator.swift */; };
		6483152D27DB535C00452D8D /* ThirdCoordinator.swift in Sources */ = {isa = PBXBuildFile; fileRef = 6483152C27DB535C00452D8D /* ThirdCoordinator.swift */; };
		6483152F27DB539700452D8D /* FourthCoordinator.swift in Sources */ = {isa = PBXBuildFile; fileRef = 6483152E27DB539700452D8D /* FourthCoordinator.swift */; };
		6491E87E27D0B1D0008F84B3 /* MapUICompViewController.swift in Sources */ = {isa = PBXBuildFile; fileRef = 6491E87D27D0B1D0008F84B3 /* MapUICompViewController.swift */; };
		649504B827CF536800A6BF9C /* TableContentViewController.swift in Sources */ = {isa = PBXBuildFile; fileRef = 649504B727CF536800A6BF9C /* TableContentViewController.swift */; };
		649504BB27CF660100A6BF9C /* IndexTableViewCell.swift in Sources */ = {isa = PBXBuildFile; fileRef = 649504B927CF660100A6BF9C /* IndexTableViewCell.swift */; };
		649504BC27CF660100A6BF9C /* IndexTableViewCell.xib in Resources */ = {isa = PBXBuildFile; fileRef = 649504BA27CF660100A6BF9C /* IndexTableViewCell.xib */; };
		649504BF27CF827600A6BF9C /* CollectionViewController.swift in Sources */ = {isa = PBXBuildFile; fileRef = 649504BE27CF827600A6BF9C /* CollectionViewController.swift */; };
		64A5E37927F17E9D00FAB6F8 /* SingleUser.swift in Sources */ = {isa = PBXBuildFile; fileRef = 64A5E37827F17E9D00FAB6F8 /* SingleUser.swift */; };
		64A5E37C27F1AB2A00FAB6F8 /* NetworkingClient.swift in Sources */ = {isa = PBXBuildFile; fileRef = 64A5E37B27F1AB2A00FAB6F8 /* NetworkingClient.swift */; };
		64A5E37E27F1B32500FAB6F8 /* WsLogInViewController.swift in Sources */ = {isa = PBXBuildFile; fileRef = 64A5E37D27F1B32500FAB6F8 /* WsLogInViewController.swift */; };
		64AD806827983999004663F6 /* AppDelegate.swift in Sources */ = {isa = PBXBuildFile; fileRef = 64AD806727983999004663F6 /* AppDelegate.swift */; };
		64AD806A27983999004663F6 /* SceneDelegate.swift in Sources */ = {isa = PBXBuildFile; fileRef = 64AD806927983999004663F6 /* SceneDelegate.swift */; };
		64AD806C27983999004663F6 /* ViewController.swift in Sources */ = {isa = PBXBuildFile; fileRef = 64AD806B27983999004663F6 /* ViewController.swift */; };
		64AD806F27983999004663F6 /* Main.storyboard in Resources */ = {isa = PBXBuildFile; fileRef = 64AD806D27983999004663F6 /* Main.storyboard */; };
		64AD80712798399B004663F6 /* Assets.xcassets in Resources */ = {isa = PBXBuildFile; fileRef = 64AD80702798399B004663F6 /* Assets.xcassets */; };
		64AD80742798399B004663F6 /* LaunchScreen.storyboard in Resources */ = {isa = PBXBuildFile; fileRef = 64AD80722798399B004663F6 /* LaunchScreen.storyboard */; };
		64BD205327C8DA5E00DD28E1 /* Authentication.storyboard in Resources */ = {isa = PBXBuildFile; fileRef = 64BD205227C8DA5E00DD28E1 /* Authentication.storyboard */; };
		64C3B2BA27D0E04200D2C7E9 /* WebViewUICompViewController.swift in Sources */ = {isa = PBXBuildFile; fileRef = 64C3B2B927D0E04200D2C7E9 /* WebViewUICompViewController.swift */; };
		64C3B2BC27D135DD00D2C7E9 /* ScrollablesSegmentViewController.swift in Sources */ = {isa = PBXBuildFile; fileRef = 64C3B2BB27D135DD00D2C7E9 /* ScrollablesSegmentViewController.swift */; };
		64C3C23627DEF832000A8CF3 /* FifthViewController.swift in Sources */ = {isa = PBXBuildFile; fileRef = 64C3C23527DEF832000A8CF3 /* FifthViewController.swift */; };
		64CF5DE027ED75BD00CB891D /* WebServices.storyboard in Resources */ = {isa = PBXBuildFile; fileRef = 64CF5DDF27ED75BD00CB891D /* WebServices.storyboard */; };
		64CF5DE327ED794000CB891D /* UserLogIn.swift in Sources */ = {isa = PBXBuildFile; fileRef = 64CF5DE227ED794000CB891D /* UserLogIn.swift */; };
		64CF5DE627ED809000CB891D /* UsersTableViewController.swift in Sources */ = {isa = PBXBuildFile; fileRef = 64CF5DE527ED809000CB891D /* UsersTableViewController.swift */; };
		64CF5DE827ED858100CB891D /* SingleUserViewController.swift in Sources */ = {isa = PBXBuildFile; fileRef = 64CF5DE727ED858100CB891D /* SingleUserViewController.swift */; };
		64CF5DEA27ED85D200CB891D /* WebServicesCoordinator.swift in Sources */ = {isa = PBXBuildFile; fileRef = 64CF5DE927ED85D200CB891D /* WebServicesCoordinator.swift */; };
		64D07DBD27EDB23300E0498F /* UserData.swift in Sources */ = {isa = PBXBuildFile; fileRef = 64D07DBC27EDB23300E0498F /* UserData.swift */; };
		64D07DC027EDBFC000E0498F /* UserTableViewCell.swift in Sources */ = {isa = PBXBuildFile; fileRef = 64D07DBE27EDBFC000E0498F /* UserTableViewCell.swift */; };
		64D07DC127EDBFC000E0498F /* UserTableViewCell.xib in Resources */ = {isa = PBXBuildFile; fileRef = 64D07DBF27EDBFC000E0498F /* UserTableViewCell.xib */; };
		64F5319C27D6262B002A43F8 /* ios 15 - Google Search.pdf in Resources */ = {isa = PBXBuildFile; fileRef = 64F5319B27D6262B002A43F8 /* ios 15 - Google Search.pdf */; };
		64F5319F27D64239002A43F8 /* Constants.swift in Sources */ = {isa = PBXBuildFile; fileRef = 64F5319E27D64239002A43F8 /* Constants.swift */; };
/* End PBXBuildFile section */

/* Begin PBXFileReference section */
		643078F727F322CC00691988 /* NewsWithRssViewController.swift */ = {isa = PBXFileReference; lastKnownFileType = sourcecode.swift; path = NewsWithRssViewController.swift; sourceTree = "<group>"; };
		643CEBEB27D87B74009C975B /* UIViewControllerExtension.swift */ = {isa = PBXFileReference; lastKnownFileType = sourcecode.swift; path = UIViewControllerExtension.swift; sourceTree = "<group>"; };
		643CEBED27D89924009C975B /* UITextViewExtension.swift */ = {isa = PBXFileReference; lastKnownFileType = sourcecode.swift; path = UITextViewExtension.swift; sourceTree = "<group>"; };
		6443788C27D1F4E500F9505B /* ItemCollectionViewCell.swift */ = {isa = PBXFileReference; lastKnownFileType = sourcecode.swift; path = ItemCollectionViewCell.swift; sourceTree = "<group>"; };
		6443788E27D220F500F9505B /* StackViewViewController.swift */ = {isa = PBXFileReference; lastKnownFileType = sourcecode.swift; path = StackViewViewController.swift; sourceTree = "<group>"; };
		6451AC6427F4288A000C537B /* Storyboard.swift */ = {isa = PBXFileReference; lastKnownFileType = sourcecode.swift; path = Storyboard.swift; sourceTree = "<group>"; };
		646C740827CCC40500EAF351 /* SignUpViewController.swift */ = {isa = PBXFileReference; lastKnownFileType = sourcecode.swift; path = SignUpViewController.swift; sourceTree = "<group>"; };
		646C740A27CCC84800EAF351 /* LogInViewController.swift */ = {isa = PBXFileReference; lastKnownFileType = sourcecode.swift; path = LogInViewController.swift; sourceTree = "<group>"; };
		647DC4CE27CE7749006439F9 /* UIComponents.storyboard */ = {isa = PBXFileReference; lastKnownFileType = file.storyboard; path = UIComponents.storyboard; sourceTree = "<group>"; };
		647DC4D027CE78CA006439F9 /* PageViewController.swift */ = {isa = PBXFileReference; lastKnownFileType = sourcecode.swift; path = PageViewController.swift; sourceTree = "<group>"; };
		647DC4D227CE7936006439F9 /* UICompSignUpViewController.swift */ = {isa = PBXFileReference; lastKnownFileType = sourcecode.swift; path = UICompSignUpViewController.swift; sourceTree = "<group>"; };
		647DC4D427CE7955006439F9 /* UICompLogInViewController.swift */ = {isa = PBXFileReference; lastKnownFileType = sourcecode.swift; path = UICompLogInViewController.swift; sourceTree = "<group>"; };
		6483151527DB46F500452D8D /* UINavigation.storyboard */ = {isa = PBXFileReference; lastKnownFileType = file.storyboard; path = UINavigation.storyboard; sourceTree = "<group>"; };
		6483151827DB47B400452D8D /* FirstViewController.swift */ = {isa = PBXFileReference; lastKnownFileType = sourcecode.swift; path = FirstViewController.swift; sourceTree = "<group>"; };
		6483151A27DB482400452D8D /* SecondViewController.swift */ = {isa = PBXFileReference; lastKnownFileType = sourcecode.swift; path = SecondViewController.swift; sourceTree = "<group>"; };
		6483151C27DB488300452D8D /* ThirdViewController.swift */ = {isa = PBXFileReference; lastKnownFileType = sourcecode.swift; path = ThirdViewController.swift; sourceTree = "<group>"; };
		6483151E27DB48D500452D8D /* FourthViewController.swift */ = {isa = PBXFileReference; lastKnownFileType = sourcecode.swift; path = FourthViewController.swift; sourceTree = "<group>"; };
		6483152127DB4A8300452D8D /* Coordinator.swift */ = {isa = PBXFileReference; lastKnownFileType = sourcecode.swift; path = Coordinator.swift; sourceTree = "<group>"; };
		6483152327DB4AB100452D8D /* MainCoordinator.swift */ = {isa = PBXFileReference; lastKnownFileType = sourcecode.swift; path = MainCoordinator.swift; sourceTree = "<group>"; };
		6483152527DB4BD300452D8D /* AppCoordinator.swift */ = {isa = PBXFileReference; lastKnownFileType = sourcecode.swift; path = AppCoordinator.swift; sourceTree = "<group>"; };
		6483152827DB531C00452D8D /* FirstCoordinator.swift */ = {isa = PBXFileReference; lastKnownFileType = sourcecode.swift; path = FirstCoordinator.swift; sourceTree = "<group>"; };
		6483152A27DB533400452D8D /* SecondCoordinator.swift */ = {isa = PBXFileReference; lastKnownFileType = sourcecode.swift; path = SecondCoordinator.swift; sourceTree = "<group>"; };
		6483152C27DB535C00452D8D /* ThirdCoordinator.swift */ = {isa = PBXFileReference; lastKnownFileType = sourcecode.swift; path = ThirdCoordinator.swift; sourceTree = "<group>"; };
		6483152E27DB539700452D8D /* FourthCoordinator.swift */ = {isa = PBXFileReference; lastKnownFileType = sourcecode.swift; path = FourthCoordinator.swift; sourceTree = "<group>"; };
		6491E87D27D0B1D0008F84B3 /* MapUICompViewController.swift */ = {isa = PBXFileReference; lastKnownFileType = sourcecode.swift; path = MapUICompViewController.swift; sourceTree = "<group>"; };
		649504B727CF536800A6BF9C /* TableContentViewController.swift */ = {isa = PBXFileReference; lastKnownFileType = sourcecode.swift; path = TableContentViewController.swift; sourceTree = "<group>"; };
		649504B927CF660100A6BF9C /* IndexTableViewCell.swift */ = {isa = PBXFileReference; lastKnownFileType = sourcecode.swift; path = IndexTableViewCell.swift; sourceTree = "<group>"; };
		649504BA27CF660100A6BF9C /* IndexTableViewCell.xib */ = {isa = PBXFileReference; lastKnownFileType = file.xib; path = IndexTableViewCell.xib; sourceTree = "<group>"; };
		649504BE27CF827600A6BF9C /* CollectionViewController.swift */ = {isa = PBXFileReference; lastKnownFileType = sourcecode.swift; path = CollectionViewController.swift; sourceTree = "<group>"; };
		64A5E37827F17E9D00FAB6F8 /* SingleUser.swift */ = {isa = PBXFileReference; lastKnownFileType = sourcecode.swift; path = SingleUser.swift; sourceTree = "<group>"; };
		64A5E37B27F1AB2A00FAB6F8 /* NetworkingClient.swift */ = {isa = PBXFileReference; lastKnownFileType = sourcecode.swift; path = NetworkingClient.swift; sourceTree = "<group>"; };
		64A5E37D27F1B32500FAB6F8 /* WsLogInViewController.swift */ = {isa = PBXFileReference; lastKnownFileType = sourcecode.swift; path = WsLogInViewController.swift; sourceTree = "<group>"; };
		64AD806427983999004663F6 /* IOS Practicals New.app */ = {isa = PBXFileReference; explicitFileType = wrapper.application; includeInIndex = 0; path = "IOS Practicals New.app"; sourceTree = BUILT_PRODUCTS_DIR; };
		64AD806727983999004663F6 /* AppDelegate.swift */ = {isa = PBXFileReference; lastKnownFileType = sourcecode.swift; path = AppDelegate.swift; sourceTree = "<group>"; };
		64AD806927983999004663F6 /* SceneDelegate.swift */ = {isa = PBXFileReference; lastKnownFileType = sourcecode.swift; path = SceneDelegate.swift; sourceTree = "<group>"; };
		64AD806B27983999004663F6 /* ViewController.swift */ = {isa = PBXFileReference; lastKnownFileType = sourcecode.swift; path = ViewController.swift; sourceTree = "<group>"; };
		64AD806E27983999004663F6 /* Base */ = {isa = PBXFileReference; lastKnownFileType = file.storyboard; name = Base; path = Base.lproj/Main.storyboard; sourceTree = "<group>"; };
		64AD80702798399B004663F6 /* Assets.xcassets */ = {isa = PBXFileReference; lastKnownFileType = folder.assetcatalog; path = Assets.xcassets; sourceTree = "<group>"; };
		64AD80732798399B004663F6 /* Base */ = {isa = PBXFileReference; lastKnownFileType = file.storyboard; name = Base; path = Base.lproj/LaunchScreen.storyboard; sourceTree = "<group>"; };
		64AD80752798399B004663F6 /* Info.plist */ = {isa = PBXFileReference; lastKnownFileType = text.plist.xml; path = Info.plist; sourceTree = "<group>"; };
		64AF906C27A46179003DF221 /* Structure.playground */ = {isa = PBXFileReference; lastKnownFileType = file.playground; path = Structure.playground; sourceTree = "<group>"; xcLanguageSpecificationIdentifier = xcode.lang.swift; };
		64AF906D27A46847003DF221 /* Classes.playground */ = {isa = PBXFileReference; lastKnownFileType = file.playground; path = Classes.playground; sourceTree = "<group>"; xcLanguageSpecificationIdentifier = xcode.lang.swift; };
		64AF906E27A46955003DF221 /* Properties.playground */ = {isa = PBXFileReference; lastKnownFileType = file.playground; path = Properties.playground; sourceTree = "<group>"; xcLanguageSpecificationIdentifier = xcode.lang.swift; };
		64AF906F27A46A65003DF221 /* Subscript.playground */ = {isa = PBXFileReference; lastKnownFileType = file.playground; path = Subscript.playground; sourceTree = "<group>"; xcLanguageSpecificationIdentifier = xcode.lang.swift; };
		64AF907027A46AB5003DF221 /* Methods.playground */ = {isa = PBXFileReference; lastKnownFileType = file.playground; path = Methods.playground; sourceTree = "<group>"; xcLanguageSpecificationIdentifier = xcode.lang.swift; };
		64BD205227C8DA5E00DD28E1 /* Authentication.storyboard */ = {isa = PBXFileReference; lastKnownFileType = file.storyboard; path = Authentication.storyboard; sourceTree = "<group>"; };
		64C3B2B927D0E04200D2C7E9 /* WebViewUICompViewController.swift */ = {isa = PBXFileReference; lastKnownFileType = sourcecode.swift; path = WebViewUICompViewController.swift; sourceTree = "<group>"; };
		64C3B2BB27D135DD00D2C7E9 /* ScrollablesSegmentViewController.swift */ = {isa = PBXFileReference; lastKnownFileType = sourcecode.swift; path = ScrollablesSegmentViewController.swift; sourceTree = "<group>"; };
		64C3C23527DEF832000A8CF3 /* FifthViewController.swift */ = {isa = PBXFileReference; lastKnownFileType = sourcecode.swift; path = FifthViewController.swift; sourceTree = "<group>"; };
		64C99E9327A692DF001B04E7 /* Error Handling.playground */ = {isa = PBXFileReference; lastKnownFileType = file.playground; path = "Error Handling.playground"; sourceTree = "<group>"; xcLanguageSpecificationIdentifier = xcode.lang.swift; };
		64C99E9427A6D87F001B04E7 /* Extensions.playground */ = {isa = PBXFileReference; lastKnownFileType = file.playground; path = Extensions.playground; sourceTree = "<group>"; xcLanguageSpecificationIdentifier = xcode.lang.swift; };
		64CF5DDF27ED75BD00CB891D /* WebServices.storyboard */ = {isa = PBXFileReference; lastKnownFileType = file.storyboard; path = WebServices.storyboard; sourceTree = "<group>"; };
		64CF5DE227ED794000CB891D /* UserLogIn.swift */ = {isa = PBXFileReference; lastKnownFileType = sourcecode.swift; path = UserLogIn.swift; sourceTree = "<group>"; };
		64CF5DE527ED809000CB891D /* UsersTableViewController.swift */ = {isa = PBXFileReference; lastKnownFileType = sourcecode.swift; path = UsersTableViewController.swift; sourceTree = "<group>"; };
		64CF5DE727ED858100CB891D /* SingleUserViewController.swift */ = {isa = PBXFileReference; lastKnownFileType = sourcecode.swift; path = SingleUserViewController.swift; sourceTree = "<group>"; };
		64CF5DE927ED85D200CB891D /* WebServicesCoordinator.swift */ = {isa = PBXFileReference; lastKnownFileType = sourcecode.swift; path = WebServicesCoordinator.swift; sourceTree = "<group>"; };
		64D07DBC27EDB23300E0498F /* UserData.swift */ = {isa = PBXFileReference; lastKnownFileType = sourcecode.swift; path = UserData.swift; sourceTree = "<group>"; };
		64D07DBE27EDBFC000E0498F /* UserTableViewCell.swift */ = {isa = PBXFileReference; lastKnownFileType = sourcecode.swift; path = UserTableViewCell.swift; sourceTree = "<group>"; };
		64D07DBF27EDBFC000E0498F /* UserTableViewCell.xib */ = {isa = PBXFileReference; lastKnownFileType = file.xib; path = UserTableViewCell.xib; sourceTree = "<group>"; };
		64DC2AE827A05FD400B7DFBF /* Collections.playground */ = {isa = PBXFileReference; lastKnownFileType = file.playground; path = Collections.playground; sourceTree = "<group>"; xcLanguageSpecificationIdentifier = xcode.lang.swift; };
		64DC2AE927A0608B00B7DFBF /* Functions.playground */ = {isa = PBXFileReference; lastKnownFileType = file.playground; path = Functions.playground; sourceTree = "<group>"; xcLanguageSpecificationIdentifier = xcode.lang.swift; };
		64DC2AEA27A0611D00B7DFBF /* Closures.playground */ = {isa = PBXFileReference; lastKnownFileType = file.playground; path = Closures.playground; sourceTree = "<group>"; xcLanguageSpecificationIdentifier = xcode.lang.swift; };
		64DC2AEB27A0663100B7DFBF /* Enums.playground */ = {isa = PBXFileReference; lastKnownFileType = file.playground; path = Enums.playground; sourceTree = "<group>"; xcLanguageSpecificationIdentifier = xcode.lang.swift; };
		64E4B8CE279925AD000CE5F2 /* Variables.playground */ = {isa = PBXFileReference; lastKnownFileType = file.playground; path = Variables.playground; sourceTree = "<group>"; xcLanguageSpecificationIdentifier = xcode.lang.swift; };
		64E4B8CF279927B4000CE5F2 /* Operators.playground */ = {isa = PBXFileReference; lastKnownFileType = file.playground; path = Operators.playground; sourceTree = "<group>"; xcLanguageSpecificationIdentifier = xcode.lang.swift; };
		64E4B8D027992831000CE5F2 /* Working With Text.playground */ = {isa = PBXFileReference; lastKnownFileType = file.playground; path = "Working With Text.playground"; sourceTree = "<group>"; xcLanguageSpecificationIdentifier = xcode.lang.swift; };
		64E4B8D127992884000CE5F2 /* Control Flow.playground */ = {isa = PBXFileReference; lastKnownFileType = file.playground; path = "Control Flow.playground"; sourceTree = "<group>"; xcLanguageSpecificationIdentifier = xcode.lang.swift; };
		64E4B8D227992944000CE5F2 /* Arrays.playground */ = {isa = PBXFileReference; lastKnownFileType = file.playground; path = Arrays.playground; sourceTree = "<group>"; xcLanguageSpecificationIdentifier = xcode.lang.swift; };
		64E4B8D32799297D000CE5F2 /* Optionals.playground */ = {isa = PBXFileReference; lastKnownFileType = file.playground; path = Optionals.playground; sourceTree = "<group>"; xcLanguageSpecificationIdentifier = xcode.lang.swift; };
		64E4B8D4279929BA000CE5F2 /* Dictionary.playground */ = {isa = PBXFileReference; lastKnownFileType = file.playground; path = Dictionary.playground; sourceTree = "<group>"; xcLanguageSpecificationIdentifier = xcode.lang.swift; };
		64F5319B27D6262B002A43F8 /* ios 15 - Google Search.pdf */ = {isa = PBXFileReference; lastKnownFileType = image.pdf; name = "ios 15 - Google Search.pdf"; path = "../../../../Downloads/ios 15 - Google Search.pdf"; sourceTree = "<group>"; };
		64F5319E27D64239002A43F8 /* Constants.swift */ = {isa = PBXFileReference; lastKnownFileType = sourcecode.swift; path = Constants.swift; sourceTree = "<group>"; };
		957DA52AFE91488DF190D6E0 /* Pods-IOS Practicals New.release.xcconfig */ = {isa = PBXFileReference; includeInIndex = 1; lastKnownFileType = text.xcconfig; name = "Pods-IOS Practicals New.release.xcconfig"; path = "Target Support Files/Pods-IOS Practicals New/Pods-IOS Practicals New.release.xcconfig"; sourceTree = "<group>"; };
		9D91321570B1BB6BF7B5EFDE /* Pods-IOS Practicals New.debug.xcconfig */ = {isa = PBXFileReference; includeInIndex = 1; lastKnownFileType = text.xcconfig; name = "Pods-IOS Practicals New.debug.xcconfig"; path = "Target Support Files/Pods-IOS Practicals New/Pods-IOS Practicals New.debug.xcconfig"; sourceTree = "<group>"; };
		D21FB83598F13A9E4754FDE5 /* Pods_IOS_Practicals_New.framework */ = {isa = PBXFileReference; explicitFileType = wrapper.framework; includeInIndex = 0; path = Pods_IOS_Practicals_New.framework; sourceTree = BUILT_PRODUCTS_DIR; };
/* End PBXFileReference section */

/* Begin PBXFrameworksBuildPhase section */
		64AD806127983999004663F6 /* Frameworks */ = {
			isa = PBXFrameworksBuildPhase;
			buildActionMask = 2147483647;
			files = (
				01461E05195418A6718A1184 /* Pods_IOS_Practicals_New.framework in Frameworks */,
			);
			runOnlyForDeploymentPostprocessing = 0;
		};
/* End PBXFrameworksBuildPhase section */

/* Begin PBXGroup section */
		4DECB3A1F8F0412237DA03DD /* Frameworks */ = {
			isa = PBXGroup;
			children = (
				D21FB83598F13A9E4754FDE5 /* Pods_IOS_Practicals_New.framework */,
			);
			name = Frameworks;
			sourceTree = "<group>";
		};
		643CEBEA27D87B52009C975B /* Extensions */ = {
			isa = PBXGroup;
			children = (
				643CEBEB27D87B74009C975B /* UIViewControllerExtension.swift */,
				643CEBED27D89924009C975B /* UITextViewExtension.swift */,
			);
			path = Extensions;
			sourceTree = "<group>";
		};
		6474D3C7279FD1B600EF4869 /* Advance Swift */ = {
			isa = PBXGroup;
			children = (
				64DC2AE827A05FD400B7DFBF /* Collections.playground */,
				64DC2AE927A0608B00B7DFBF /* Functions.playground */,
				64DC2AEA27A0611D00B7DFBF /* Closures.playground */,
				64DC2AEB27A0663100B7DFBF /* Enums.playground */,
				64AF906C27A46179003DF221 /* Structure.playground */,
				64AF906D27A46847003DF221 /* Classes.playground */,
				64AF906E27A46955003DF221 /* Properties.playground */,
				64AF906F27A46A65003DF221 /* Subscript.playground */,
				64AF907027A46AB5003DF221 /* Methods.playground */,
				64C99E9327A692DF001B04E7 /* Error Handling.playground */,
				64C99E9427A6D87F001B04E7 /* Extensions.playground */,
			);
			path = "Advance Swift";
			sourceTree = "<group>";
		};
		6483151727DB472400452D8D /* UINavigation */ = {
			isa = PBXGroup;
			children = (
				6483151827DB47B400452D8D /* FirstViewController.swift */,
				6483151A27DB482400452D8D /* SecondViewController.swift */,
				6483151C27DB488300452D8D /* ThirdViewController.swift */,
				6483151E27DB48D500452D8D /* FourthViewController.swift */,
				64C3C23527DEF832000A8CF3 /* FifthViewController.swift */,
			);
			path = UINavigation;
			sourceTree = "<group>";
		};
		6483152027DB49EC00452D8D /* Coordinators */ = {
			isa = PBXGroup;
			children = (
				6483152727DB52FC00452D8D /* UINavigation */,
				6483152127DB4A8300452D8D /* Coordinator.swift */,
				6483152327DB4AB100452D8D /* MainCoordinator.swift */,
				6483152527DB4BD300452D8D /* AppCoordinator.swift */,
				64CF5DE927ED85D200CB891D /* WebServicesCoordinator.swift */,
			);
			path = Coordinators;
			sourceTree = "<group>";
		};
		6483152727DB52FC00452D8D /* UINavigation */ = {
			isa = PBXGroup;
			children = (
				6483152827DB531C00452D8D /* FirstCoordinator.swift */,
				6483152A27DB533400452D8D /* SecondCoordinator.swift */,
				6483152C27DB535C00452D8D /* ThirdCoordinator.swift */,
				6483152E27DB539700452D8D /* FourthCoordinator.swift */,
			);
			path = UINavigation;
			sourceTree = "<group>";
		};
		649504BD27CF662100A6BF9C /* Cells */ = {
			isa = PBXGroup;
			children = (
				649504B927CF660100A6BF9C /* IndexTableViewCell.swift */,
				649504BA27CF660100A6BF9C /* IndexTableViewCell.xib */,
				6443788C27D1F4E500F9505B /* ItemCollectionViewCell.swift */,
				64D07DBE27EDBFC000E0498F /* UserTableViewCell.swift */,
				64D07DBF27EDBFC000E0498F /* UserTableViewCell.xib */,
			);
			path = Cells;
			sourceTree = "<group>";
		};
		64A5E37A27F1AAFF00FAB6F8 /* Utils */ = {
			isa = PBXGroup;
			children = (
				64A5E37B27F1AB2A00FAB6F8 /* NetworkingClient.swift */,
			);
			path = Utils;
			sourceTree = "<group>";
		};
		64AD805B27983999004663F6 = {
			isa = PBXGroup;
			children = (
				64E4B8CD2799247A000CE5F2 /* Swift Playground */,
				6474D3C7279FD1B600EF4869 /* Advance Swift */,
				64AD806627983999004663F6 /* IOS Practicals New */,
				64AD806527983999004663F6 /* Products */,
				CC0C70106CB5C64DEFF8ABAE /* Pods */,
				4DECB3A1F8F0412237DA03DD /* Frameworks */,
			);
			sourceTree = "<group>";
		};
		64AD806527983999004663F6 /* Products */ = {
			isa = PBXGroup;
			children = (
				64AD806427983999004663F6 /* IOS Practicals New.app */,
			);
			name = Products;
			sourceTree = "<group>";
		};
		64AD806627983999004663F6 /* IOS Practicals New */ = {
			isa = PBXGroup;
			children = (
				64A5E37A27F1AAFF00FAB6F8 /* Utils */,
				64CF5DE127ED791E00CB891D /* Models */,
				6483152027DB49EC00452D8D /* Coordinators */,
				643CEBEA27D87B52009C975B /* Extensions */,
				64F5319D27D64216002A43F8 /* Constants */,
				649504BD27CF662100A6BF9C /* Cells */,
				64BD205127C8D9F400DD28E1 /* StoryBoards */,
				64BD205027C8D9C600DD28E1 /* ViewControllers */,
				64AD806727983999004663F6 /* AppDelegate.swift */,
				64AD806927983999004663F6 /* SceneDelegate.swift */,
				64AD806B27983999004663F6 /* ViewController.swift */,
				64AD806D27983999004663F6 /* Main.storyboard */,
				64AD80702798399B004663F6 /* Assets.xcassets */,
				64AD80722798399B004663F6 /* LaunchScreen.storyboard */,
				64AD80752798399B004663F6 /* Info.plist */,
				64F5319B27D6262B002A43F8 /* ios 15 - Google Search.pdf */,
			);
			path = "IOS Practicals New";
			sourceTree = "<group>";
		};
		64BD205027C8D9C600DD28E1 /* ViewControllers */ = {
			isa = PBXGroup;
			children = (
				64CF5DE427ED7FD000CB891D /* WebServices */,
				6483151727DB472400452D8D /* UINavigation */,
				646C740827CCC40500EAF351 /* SignUpViewController.swift */,
				646C740A27CCC84800EAF351 /* LogInViewController.swift */,
				647DC4D027CE78CA006439F9 /* PageViewController.swift */,
				647DC4D227CE7936006439F9 /* UICompSignUpViewController.swift */,
				647DC4D427CE7955006439F9 /* UICompLogInViewController.swift */,
				649504B727CF536800A6BF9C /* TableContentViewController.swift */,
				649504BE27CF827600A6BF9C /* CollectionViewController.swift */,
				6491E87D27D0B1D0008F84B3 /* MapUICompViewController.swift */,
				64C3B2B927D0E04200D2C7E9 /* WebViewUICompViewController.swift */,
				64C3B2BB27D135DD00D2C7E9 /* ScrollablesSegmentViewController.swift */,
				6443788E27D220F500F9505B /* StackViewViewController.swift */,
			);
			path = ViewControllers;
			sourceTree = "<group>";
		};
		64BD205127C8D9F400DD28E1 /* StoryBoards */ = {
			isa = PBXGroup;
			children = (
				64BD205227C8DA5E00DD28E1 /* Authentication.storyboard */,
				647DC4CE27CE7749006439F9 /* UIComponents.storyboard */,
				6483151527DB46F500452D8D /* UINavigation.storyboard */,
				64CF5DDF27ED75BD00CB891D /* WebServices.storyboard */,
			);
			path = StoryBoards;
			sourceTree = "<group>";
		};
		64CF5DE127ED791E00CB891D /* Models */ = {
			isa = PBXGroup;
			children = (
				64CF5DE227ED794000CB891D /* UserLogIn.swift */,
				64D07DBC27EDB23300E0498F /* UserData.swift */,
				64A5E37827F17E9D00FAB6F8 /* SingleUser.swift */,
			);
			path = Models;
			sourceTree = "<group>";
		};
		64CF5DE427ED7FD000CB891D /* WebServices */ = {
			isa = PBXGroup;
			children = (
				64CF5DE527ED809000CB891D /* UsersTableViewController.swift */,
				64CF5DE727ED858100CB891D /* SingleUserViewController.swift */,
				64A5E37D27F1B32500FAB6F8 /* WsLogInViewController.swift */,
				643078F727F322CC00691988 /* NewsWithRssViewController.swift */,
			);
			path = WebServices;
			sourceTree = "<group>";
		};
		64E4B8CD2799247A000CE5F2 /* Swift Playground */ = {
			isa = PBXGroup;
			children = (
				64E4B8CE279925AD000CE5F2 /* Variables.playground */,
				64E4B8CF279927B4000CE5F2 /* Operators.playground */,
				64E4B8D027992831000CE5F2 /* Working With Text.playground */,
				64E4B8D127992884000CE5F2 /* Control Flow.playground */,
				64E4B8D227992944000CE5F2 /* Arrays.playground */,
				64E4B8D32799297D000CE5F2 /* Optionals.playground */,
				64E4B8D4279929BA000CE5F2 /* Dictionary.playground */,
			);
			path = "Swift Playground";
			sourceTree = "<group>";
		};
		64F5319D27D64216002A43F8 /* Constants */ = {
			isa = PBXGroup;
			children = (
				64F5319E27D64239002A43F8 /* Constants.swift */,
				6451AC6427F4288A000C537B /* Storyboard.swift */,
			);
			path = Constants;
			sourceTree = "<group>";
		};
		CC0C70106CB5C64DEFF8ABAE /* Pods */ = {
			isa = PBXGroup;
			children = (
				9D91321570B1BB6BF7B5EFDE /* Pods-IOS Practicals New.debug.xcconfig */,
				957DA52AFE91488DF190D6E0 /* Pods-IOS Practicals New.release.xcconfig */,
			);
			path = Pods;
			sourceTree = "<group>";
		};
/* End PBXGroup section */

/* Begin PBXNativeTarget section */
		64AD806327983999004663F6 /* IOS Practicals New */ = {
			isa = PBXNativeTarget;
			buildConfigurationList = 64AD80782798399B004663F6 /* Build configuration list for PBXNativeTarget "IOS Practicals New" */;
			buildPhases = (
				EB527708C57BE76079664800 /* [CP] Check Pods Manifest.lock */,
				64AD806027983999004663F6 /* Sources */,
				64AD806127983999004663F6 /* Frameworks */,
				64AD806227983999004663F6 /* Resources */,
				EABCE80289DE7E1334D06FBA /* [CP] Embed Pods Frameworks */,
			);
			buildRules = (
			);
			dependencies = (
			);
			name = "IOS Practicals New";
			productName = "IOS Practicals New";
			productReference = 64AD806427983999004663F6 /* IOS Practicals New.app */;
			productType = "com.apple.product-type.application";
		};
/* End PBXNativeTarget section */

/* Begin PBXProject section */
		64AD805C27983999004663F6 /* Project object */ = {
			isa = PBXProject;
			attributes = {
				BuildIndependentTargetsInParallel = 1;
				LastSwiftUpdateCheck = 1310;
				LastUpgradeCheck = 1310;
				TargetAttributes = {
					64AD806327983999004663F6 = {
						CreatedOnToolsVersion = 13.1;
					};
				};
			};
			buildConfigurationList = 64AD805F27983999004663F6 /* Build configuration list for PBXProject "IOS Practicals New" */;
			compatibilityVersion = "Xcode 13.0";
			developmentRegion = en;
			hasScannedForEncodings = 0;
			knownRegions = (
				en,
				Base,
			);
			mainGroup = 64AD805B27983999004663F6;
			productRefGroup = 64AD806527983999004663F6 /* Products */;
			projectDirPath = "";
			projectRoot = "";
			targets = (
				64AD806327983999004663F6 /* IOS Practicals New */,
			);
		};
/* End PBXProject section */

/* Begin PBXResourcesBuildPhase section */
		64AD806227983999004663F6 /* Resources */ = {
			isa = PBXResourcesBuildPhase;
			buildActionMask = 2147483647;
			files = (
				64BD205327C8DA5E00DD28E1 /* Authentication.storyboard in Resources */,
				64CF5DE027ED75BD00CB891D /* WebServices.storyboard in Resources */,
				647DC4CF27CE7749006439F9 /* UIComponents.storyboard in Resources */,
				649504BC27CF660100A6BF9C /* IndexTableViewCell.xib in Resources */,
				64D07DC127EDBFC000E0498F /* UserTableViewCell.xib in Resources */,
				64F5319C27D6262B002A43F8 /* ios 15 - Google Search.pdf in Resources */,
				6483151627DB46F500452D8D /* UINavigation.storyboard in Resources */,
				64AD80742798399B004663F6 /* LaunchScreen.storyboard in Resources */,
				64AD80712798399B004663F6 /* Assets.xcassets in Resources */,
				64AD806F27983999004663F6 /* Main.storyboard in Resources */,
			);
			runOnlyForDeploymentPostprocessing = 0;
		};
/* End PBXResourcesBuildPhase section */

/* Begin PBXShellScriptBuildPhase section */
		EABCE80289DE7E1334D06FBA /* [CP] Embed Pods Frameworks */ = {
			isa = PBXShellScriptBuildPhase;
			buildActionMask = 2147483647;
			files = (
			);
			inputFileListPaths = (
				"${PODS_ROOT}/Target Support Files/Pods-IOS Practicals New/Pods-IOS Practicals New-frameworks-${CONFIGURATION}-input-files.xcfilelist",
			);
			name = "[CP] Embed Pods Frameworks";
			outputFileListPaths = (
				"${PODS_ROOT}/Target Support Files/Pods-IOS Practicals New/Pods-IOS Practicals New-frameworks-${CONFIGURATION}-output-files.xcfilelist",
			);
			runOnlyForDeploymentPostprocessing = 0;
			shellPath = /bin/sh;
			shellScript = "\"${PODS_ROOT}/Target Support Files/Pods-IOS Practicals New/Pods-IOS Practicals New-frameworks.sh\"\n";
			showEnvVarsInLog = 0;
		};
		EB527708C57BE76079664800 /* [CP] Check Pods Manifest.lock */ = {
			isa = PBXShellScriptBuildPhase;
			buildActionMask = 2147483647;
			files = (
			);
			inputFileListPaths = (
			);
			inputPaths = (
				"${PODS_PODFILE_DIR_PATH}/Podfile.lock",
				"${PODS_ROOT}/Manifest.lock",
			);
			name = "[CP] Check Pods Manifest.lock";
			outputFileListPaths = (
			);
			outputPaths = (
				"$(DERIVED_FILE_DIR)/Pods-IOS Practicals New-checkManifestLockResult.txt",
			);
			runOnlyForDeploymentPostprocessing = 0;
			shellPath = /bin/sh;
			shellScript = "diff \"${PODS_PODFILE_DIR_PATH}/Podfile.lock\" \"${PODS_ROOT}/Manifest.lock\" > /dev/null\nif [ $? != 0 ] ; then\n    # print error to STDERR\n    echo \"error: The sandbox is not in sync with the Podfile.lock. Run 'pod install' or update your CocoaPods installation.\" >&2\n    exit 1\nfi\n# This output is used by Xcode 'outputs' to avoid re-running this script phase.\necho \"SUCCESS\" > \"${SCRIPT_OUTPUT_FILE_0}\"\n";
			showEnvVarsInLog = 0;
		};
/* End PBXShellScriptBuildPhase section */

/* Begin PBXSourcesBuildPhase section */
		64AD806027983999004663F6 /* Sources */ = {
			isa = PBXSourcesBuildPhase;
			buildActionMask = 2147483647;
			files = (
				6443788D27D1F4E500F9505B /* ItemCollectionViewCell.swift in Sources */,
				64F5319F27D64239002A43F8 /* Constants.swift in Sources */,
				64A5E37C27F1AB2A00FAB6F8 /* NetworkingClient.swift in Sources */,
				64CF5DE327ED794000CB891D /* UserLogIn.swift in Sources */,
				6483152627DB4BD300452D8D /* AppCoordinator.swift in Sources */,
				643CEBEC27D87B74009C975B /* UIViewControllerExtension.swift in Sources */,
				643078F827F322CC00691988 /* NewsWithRssViewController.swift in Sources */,
				6483152F27DB539700452D8D /* FourthCoordinator.swift in Sources */,
				64CF5DE627ED809000CB891D /* UsersTableViewController.swift in Sources */,
				64A5E37E27F1B32500FAB6F8 /* WsLogInViewController.swift in Sources */,
				64D07DC027EDBFC000E0498F /* UserTableViewCell.swift in Sources */,
				649504BF27CF827600A6BF9C /* CollectionViewController.swift in Sources */,
				64C3B2BA27D0E04200D2C7E9 /* WebViewUICompViewController.swift in Sources */,
				6483152D27DB535C00452D8D /* ThirdCoordinator.swift in Sources */,
				647DC4D327CE7936006439F9 /* UICompSignUpViewController.swift in Sources */,
				64AD806C27983999004663F6 /* ViewController.swift in Sources */,
				64AD806827983999004663F6 /* AppDelegate.swift in Sources */,
				6483152227DB4A8300452D8D /* Coordinator.swift in Sources */,
				6483151F27DB48D500452D8D /* FourthViewController.swift in Sources */,
				6483151D27DB488300452D8D /* ThirdViewController.swift in Sources */,
				646C740927CCC40500EAF351 /* SignUpViewController.swift in Sources */,
				6451AC6527F4288A000C537B /* Storyboard.swift in Sources */,
				64CF5DE827ED858100CB891D /* SingleUserViewController.swift in Sources */,
				6483152927DB531C00452D8D /* FirstCoordinator.swift in Sources */,
				647DC4D127CE78CA006439F9 /* PageViewController.swift in Sources */,
				6483152427DB4AB100452D8D /* MainCoordinator.swift in Sources */,
				6443788F27D220F500F9505B /* StackViewViewController.swift in Sources */,
				6491E87E27D0B1D0008F84B3 /* MapUICompViewController.swift in Sources */,
				6483152B27DB533400452D8D /* SecondCoordinator.swift in Sources */,
				64C3C23627DEF832000A8CF3 /* FifthViewController.swift in Sources */,
				649504B827CF536800A6BF9C /* TableContentViewController.swift in Sources */,
				643CEBEE27D89924009C975B /* UITextViewExtension.swift in Sources */,
				649504BB27CF660100A6BF9C /* IndexTableViewCell.swift in Sources */,
				6483151927DB47B400452D8D /* FirstViewController.swift in Sources */,
				646C740B27CCC84800EAF351 /* LogInViewController.swift in Sources */,
				64D07DBD27EDB23300E0498F /* UserData.swift in Sources */,
				64AD806A27983999004663F6 /* SceneDelegate.swift in Sources */,
				6483151B27DB482400452D8D /* SecondViewController.swift in Sources */,
				64CF5DEA27ED85D200CB891D /* WebServicesCoordinator.swift in Sources */,
				647DC4D527CE7955006439F9 /* UICompLogInViewController.swift in Sources */,
				64A5E37927F17E9D00FAB6F8 /* SingleUser.swift in Sources */,
				64C3B2BC27D135DD00D2C7E9 /* ScrollablesSegmentViewController.swift in Sources */,
			);
			runOnlyForDeploymentPostprocessing = 0;
		};
/* End PBXSourcesBuildPhase section */

/* Begin PBXVariantGroup section */
		64AD806D27983999004663F6 /* Main.storyboard */ = {
			isa = PBXVariantGroup;
			children = (
				64AD806E27983999004663F6 /* Base */,
			);
			name = Main.storyboard;
			sourceTree = "<group>";
		};
		64AD80722798399B004663F6 /* LaunchScreen.storyboard */ = {
			isa = PBXVariantGroup;
			children = (
				64AD80732798399B004663F6 /* Base */,
			);
			name = LaunchScreen.storyboard;
			sourceTree = "<group>";
		};
/* End PBXVariantGroup section */

/* Begin XCBuildConfiguration section */
		64AD80762798399B004663F6 /* Debug */ = {
			isa = XCBuildConfiguration;
			buildSettings = {
				ALWAYS_SEARCH_USER_PATHS = NO;
				CLANG_ANALYZER_NONNULL = YES;
				CLANG_ANALYZER_NUMBER_OBJECT_CONVERSION = YES_AGGRESSIVE;
				CLANG_CXX_LANGUAGE_STANDARD = "gnu++17";
				CLANG_CXX_LIBRARY = "libc++";
				CLANG_ENABLE_MODULES = YES;
				CLANG_ENABLE_OBJC_ARC = YES;
				CLANG_ENABLE_OBJC_WEAK = YES;
				CLANG_WARN_BLOCK_CAPTURE_AUTORELEASING = YES;
				CLANG_WARN_BOOL_CONVERSION = YES;
				CLANG_WARN_COMMA = YES;
				CLANG_WARN_CONSTANT_CONVERSION = YES;
				CLANG_WARN_DEPRECATED_OBJC_IMPLEMENTATIONS = YES;
				CLANG_WARN_DIRECT_OBJC_ISA_USAGE = YES_ERROR;
				CLANG_WARN_DOCUMENTATION_COMMENTS = YES;
				CLANG_WARN_EMPTY_BODY = YES;
				CLANG_WARN_ENUM_CONVERSION = YES;
				CLANG_WARN_INFINITE_RECURSION = YES;
				CLANG_WARN_INT_CONVERSION = YES;
				CLANG_WARN_NON_LITERAL_NULL_CONVERSION = YES;
				CLANG_WARN_OBJC_IMPLICIT_RETAIN_SELF = YES;
				CLANG_WARN_OBJC_LITERAL_CONVERSION = YES;
				CLANG_WARN_OBJC_ROOT_CLASS = YES_ERROR;
				CLANG_WARN_QUOTED_INCLUDE_IN_FRAMEWORK_HEADER = YES;
				CLANG_WARN_RANGE_LOOP_ANALYSIS = YES;
				CLANG_WARN_STRICT_PROTOTYPES = YES;
				CLANG_WARN_SUSPICIOUS_MOVE = YES;
				CLANG_WARN_UNGUARDED_AVAILABILITY = YES_AGGRESSIVE;
				CLANG_WARN_UNREACHABLE_CODE = YES;
				CLANG_WARN__DUPLICATE_METHOD_MATCH = YES;
				COPY_PHASE_STRIP = NO;
				DEBUG_INFORMATION_FORMAT = dwarf;
				ENABLE_STRICT_OBJC_MSGSEND = YES;
				ENABLE_TESTABILITY = YES;
				GCC_C_LANGUAGE_STANDARD = gnu11;
				GCC_DYNAMIC_NO_PIC = NO;
				GCC_NO_COMMON_BLOCKS = YES;
				GCC_OPTIMIZATION_LEVEL = 0;
				GCC_PREPROCESSOR_DEFINITIONS = (
					"DEBUG=1",
					"$(inherited)",
				);
				GCC_WARN_64_TO_32_BIT_CONVERSION = YES;
				GCC_WARN_ABOUT_RETURN_TYPE = YES_ERROR;
				GCC_WARN_UNDECLARED_SELECTOR = YES;
				GCC_WARN_UNINITIALIZED_AUTOS = YES_AGGRESSIVE;
				GCC_WARN_UNUSED_FUNCTION = YES;
				GCC_WARN_UNUSED_VARIABLE = YES;
				IPHONEOS_DEPLOYMENT_TARGET = 15.0;
				MTL_ENABLE_DEBUG_INFO = INCLUDE_SOURCE;
				MTL_FAST_MATH = YES;
				ONLY_ACTIVE_ARCH = YES;
				SDKROOT = iphoneos;
				SWIFT_ACTIVE_COMPILATION_CONDITIONS = DEBUG;
				SWIFT_OPTIMIZATION_LEVEL = "-Onone";
			};
			name = Debug;
		};
		64AD80772798399B004663F6 /* Release */ = {
			isa = XCBuildConfiguration;
			buildSettings = {
				ALWAYS_SEARCH_USER_PATHS = NO;
				CLANG_ANALYZER_NONNULL = YES;
				CLANG_ANALYZER_NUMBER_OBJECT_CONVERSION = YES_AGGRESSIVE;
				CLANG_CXX_LANGUAGE_STANDARD = "gnu++17";
				CLANG_CXX_LIBRARY = "libc++";
				CLANG_ENABLE_MODULES = YES;
				CLANG_ENABLE_OBJC_ARC = YES;
				CLANG_ENABLE_OBJC_WEAK = YES;
				CLANG_WARN_BLOCK_CAPTURE_AUTORELEASING = YES;
				CLANG_WARN_BOOL_CONVERSION = YES;
				CLANG_WARN_COMMA = YES;
				CLANG_WARN_CONSTANT_CONVERSION = YES;
				CLANG_WARN_DEPRECATED_OBJC_IMPLEMENTATIONS = YES;
				CLANG_WARN_DIRECT_OBJC_ISA_USAGE = YES_ERROR;
				CLANG_WARN_DOCUMENTATION_COMMENTS = YES;
				CLANG_WARN_EMPTY_BODY = YES;
				CLANG_WARN_ENUM_CONVERSION = YES;
				CLANG_WARN_INFINITE_RECURSION = YES;
				CLANG_WARN_INT_CONVERSION = YES;
				CLANG_WARN_NON_LITERAL_NULL_CONVERSION = YES;
				CLANG_WARN_OBJC_IMPLICIT_RETAIN_SELF = YES;
				CLANG_WARN_OBJC_LITERAL_CONVERSION = YES;
				CLANG_WARN_OBJC_ROOT_CLASS = YES_ERROR;
				CLANG_WARN_QUOTED_INCLUDE_IN_FRAMEWORK_HEADER = YES;
				CLANG_WARN_RANGE_LOOP_ANALYSIS = YES;
				CLANG_WARN_STRICT_PROTOTYPES = YES;
				CLANG_WARN_SUSPICIOUS_MOVE = YES;
				CLANG_WARN_UNGUARDED_AVAILABILITY = YES_AGGRESSIVE;
				CLANG_WARN_UNREACHABLE_CODE = YES;
				CLANG_WARN__DUPLICATE_METHOD_MATCH = YES;
				COPY_PHASE_STRIP = NO;
				DEBUG_INFORMATION_FORMAT = "dwarf-with-dsym";
				ENABLE_NS_ASSERTIONS = NO;
				ENABLE_STRICT_OBJC_MSGSEND = YES;
				GCC_C_LANGUAGE_STANDARD = gnu11;
				GCC_NO_COMMON_BLOCKS = YES;
				GCC_WARN_64_TO_32_BIT_CONVERSION = YES;
				GCC_WARN_ABOUT_RETURN_TYPE = YES_ERROR;
				GCC_WARN_UNDECLARED_SELECTOR = YES;
				GCC_WARN_UNINITIALIZED_AUTOS = YES_AGGRESSIVE;
				GCC_WARN_UNUSED_FUNCTION = YES;
				GCC_WARN_UNUSED_VARIABLE = YES;
				IPHONEOS_DEPLOYMENT_TARGET = 15.0;
				MTL_ENABLE_DEBUG_INFO = NO;
				MTL_FAST_MATH = YES;
				SDKROOT = iphoneos;
				SWIFT_COMPILATION_MODE = wholemodule;
				SWIFT_OPTIMIZATION_LEVEL = "-O";
				VALIDATE_PRODUCT = YES;
			};
			name = Release;
		};
		64AD80792798399B004663F6 /* Debug */ = {
			isa = XCBuildConfiguration;
			baseConfigurationReference = 9D91321570B1BB6BF7B5EFDE /* Pods-IOS Practicals New.debug.xcconfig */;
			buildSettings = {
				ASSETCATALOG_COMPILER_APPICON_NAME = AppIcon;
				ASSETCATALOG_COMPILER_GLOBAL_ACCENT_COLOR_NAME = AccentColor;
				CODE_SIGN_STYLE = Automatic;
				CURRENT_PROJECT_VERSION = 1;
				GENERATE_INFOPLIST_FILE = YES;
				INFOPLIST_FILE = "IOS Practicals New/Info.plist";
				INFOPLIST_KEY_UIApplicationSupportsIndirectInputEvents = YES;
				INFOPLIST_KEY_UILaunchStoryboardName = LaunchScreen;
				INFOPLIST_KEY_UIMainStoryboardFile = Main;
				INFOPLIST_KEY_UISupportedInterfaceOrientations_iPad = "UIInterfaceOrientationPortrait UIInterfaceOrientationPortraitUpsideDown UIInterfaceOrientationLandscapeLeft UIInterfaceOrientationLandscapeRight";
				INFOPLIST_KEY_UISupportedInterfaceOrientations_iPhone = "UIInterfaceOrientationPortrait UIInterfaceOrientationLandscapeLeft UIInterfaceOrientationLandscapeRight";
				LD_RUNPATH_SEARCH_PATHS = (
					"$(inherited)",
					"@executable_path/Frameworks",
				);
				MARKETING_VERSION = 1.0;
				PRODUCT_BUNDLE_IDENTIFIER = "com.example.IOS-Practicals-New";
				PRODUCT_NAME = "$(TARGET_NAME)";
				SWIFT_EMIT_LOC_STRINGS = YES;
				SWIFT_VERSION = 5.0;
				TARGETED_DEVICE_FAMILY = "1,2";
			};
			name = Debug;
		};
		64AD807A2798399B004663F6 /* Release */ = {
			isa = XCBuildConfiguration;
			baseConfigurationReference = 957DA52AFE91488DF190D6E0 /* Pods-IOS Practicals New.release.xcconfig */;
			buildSettings = {
				ASSETCATALOG_COMPILER_APPICON_NAME = AppIcon;
				ASSETCATALOG_COMPILER_GLOBAL_ACCENT_COLOR_NAME = AccentColor;
				CODE_SIGN_STYLE = Automatic;
				CURRENT_PROJECT_VERSION = 1;
				GENERATE_INFOPLIST_FILE = YES;
				INFOPLIST_FILE = "IOS Practicals New/Info.plist";
				INFOPLIST_KEY_UIApplicationSupportsIndirectInputEvents = YES;
				INFOPLIST_KEY_UILaunchStoryboardName = LaunchScreen;
				INFOPLIST_KEY_UIMainStoryboardFile = Main;
				INFOPLIST_KEY_UISupportedInterfaceOrientations_iPad = "UIInterfaceOrientationPortrait UIInterfaceOrientationPortraitUpsideDown UIInterfaceOrientationLandscapeLeft UIInterfaceOrientationLandscapeRight";
				INFOPLIST_KEY_UISupportedInterfaceOrientations_iPhone = "UIInterfaceOrientationPortrait UIInterfaceOrientationLandscapeLeft UIInterfaceOrientationLandscapeRight";
				LD_RUNPATH_SEARCH_PATHS = (
					"$(inherited)",
					"@executable_path/Frameworks",
				);
				MARKETING_VERSION = 1.0;
				PRODUCT_BUNDLE_IDENTIFIER = "com.example.IOS-Practicals-New";
				PRODUCT_NAME = "$(TARGET_NAME)";
				SWIFT_EMIT_LOC_STRINGS = YES;
				SWIFT_VERSION = 5.0;
				TARGETED_DEVICE_FAMILY = "1,2";
			};
			name = Release;
		};
/* End XCBuildConfiguration section */

/* Begin XCConfigurationList section */
		64AD805F27983999004663F6 /* Build configuration list for PBXProject "IOS Practicals New" */ = {
			isa = XCConfigurationList;
			buildConfigurations = (
				64AD80762798399B004663F6 /* Debug */,
				64AD80772798399B004663F6 /* Release */,
			);
			defaultConfigurationIsVisible = 0;
			defaultConfigurationName = Release;
		};
		64AD80782798399B004663F6 /* Build configuration list for PBXNativeTarget "IOS Practicals New" */ = {
			isa = XCConfigurationList;
			buildConfigurations = (
				64AD80792798399B004663F6 /* Debug */,
				64AD807A2798399B004663F6 /* Release */,
			);
			defaultConfigurationIsVisible = 0;
			defaultConfigurationName = Release;
		};
/* End XCConfigurationList section */
	};
	rootObject = 64AD805C27983999004663F6 /* Project object */;
}
